
Microsoft Visual Studio Solution File, Format Version 12.00
# Visual Studio Version 16
VisualStudioVersion = 16.0.31321.278
MinimumVisualStudioVersion = 10.0.40219.1
Project("{FAE04EC0-301F-11D3-BF4B-00C04F79EFBC}") = "SistemaEstoque", "SistemaEstoque\SistemaEstoque.csproj", "{8E6DE213-ECAC-42B9-8545-9ED49DD3CDBF}"
EndProject
Global
	GlobalSection(SolutionConfigurationPlatforms) = preSolution
		Debug|Any CPU = Debug|Any CPU
		Release|Any CPU = Release|Any CPU
	EndGlobalSection
	GlobalSection(ProjectConfigurationPlatforms) = postSolution
		{8E6DE213-ECAC-42B9-8545-9ED49DD3CDBF}.Debug|Any CPU.ActiveCfg = Debug|Any CPU
		{8E6DE213-ECAC-42B9-8545-9ED49DD3CDBF}.Debug|Any CPU.Build.0 = Debug|Any CPU
		{8E6DE213-ECAC-42B9-8545-9ED49DD3CDBF}.Release|Any CPU.ActiveCfg = Release|Any CPU
		{8E6DE213-ECAC-42B9-8545-9ED49DD3CDBF}.Release|Any CPU.Build.0 = Release|Any CPU
	EndGlobalSection
	GlobalSection(SolutionProperties) = preSolution
		HideSolutionNode = FALSE
	EndGlobalSection
	GlobalSection(ExtensibilityGlobals) = postSolution
		SolutionGuid = {DCFFD46B-B849-4DA5-9B93-7DB52699863F}
	EndGlobalSection
EndGlobal
